{
	"name": "@clickus/url2base64-js",
	"version": "0.0.2",
	"lockfileVersion": 1,
	"requires": true,
	"dependencies": {
		"esbuild": {
			"version": "0.12.9",
			"resolved": "https://registry.nlark.com/esbuild/download/esbuild-0.12.9.tgz",
			"integrity": "sha1-vtTnCHwobNgdl1Yx931H/rFmAHA="
		},
		"lodash": {
			"version": "4.17.21",
			"resolved": "https://registry.npm.taobao.org/lodash/download/lodash-4.17.21.tgz?cache=0&sync_timestamp=1613835838133&other_urls=https%3A%2F%2Fregistry.npm.taobao.org%2Flodash%2Fdownload%2Flodash-4.17.21.tgz",
			"integrity": "sha1-Z5WRxWTDv/quhFTPCz3zcMPWkRw="
		},
		"network-config": {
			"version": "2.3.0",
			"resolved": "https://registry.nlark.com/network-config/download/network-config-2.3.0.tgz",
			"integrity": "sha1-qhhcTc80I5Ni8hDPf+aVhhrVkJk=",
			"requires": {
				"lodash": ">=4.17.6",
				"when": "^3.7.2"
			}
		},
		"when": {
			"version": "3.7.8",
			"resolved": "https://registry.npm.taobao.org/when/download/when-3.7.8.tgz",
			"integrity": "sha1-xxMLan6gRpPoQs3J56Hyqjmjn4I="
		}
	}
}
